{
  "name": "TickerQ",
  "lockfileVersion": 3,
  "requires": true,
  "packages": {
    "": {
      "dependencies": {
        "@fontsource-variable/inter": "^5.2.8",
        "@hookform/resolvers": "^5.2.2",
        "@tanstack/react-table": "^8.21.3",
        "cron-parser": "^5.5.0",
        "cronstrue": "^3.14.0",
        "date-fns": "^4.1.0",
        "react-hook-form": "^7.75.0",
        "zod": "^4.4.3"
      }
    },
    "node_modules/@fontsource-variable/inter": {
      "version": "5.2.8",
      "resolved": "https://registry.npmjs.org/@fontsource-variable/inter/-/inter-5.2.8.tgz",
      "integrity": "sha512-kOfP2D+ykbcX/P3IFnokOhVRNoTozo5/JxhAIVYLpea/UBmCQ/YWPBfWIDuBImXX/15KH+eKh4xpEUyS2sQQGQ==",
      "license": "OFL-1.1",
      "funding": {
        "url": "https://github.com/sponsors/ayuhito"
      }
    },
    "node_modules/@hookform/resolvers": {
      "version": "5.2.2",
      "resolved": "https://registry.npmjs.org/@hookform/resolvers/-/resolvers-5.2.2.tgz",
      "integrity": "sha512-A/IxlMLShx3KjV/HeTcTfaMxdwy690+L/ZADoeaTltLx+CVuzkeVIPuybK3jrRfw7YZnmdKsVVHAlEPIAEUNlA==",
      "license": "MIT",
      "dependencies": {
        "@standard-schema/utils": "^0.3.0"
      },
      "peerDependencies": {
        "react-hook-form": "^7.55.0"
      }
    },
    "node_modules/@standard-schema/utils": {
      "version": "0.3.0",
      "resolved": "https://registry.npmjs.org/@standard-schema/utils/-/utils-0.3.0.tgz",
      "integrity": "sha512-e7Mew686owMaPJVNNLs55PUvgz371nKgwsc4vxE49zsODpJEnxgxRo2y/OKrqueavXgZNMDVj3DdHFlaSAeU8g==",
      "license": "MIT"
    },
    "node_modules/@tanstack/react-table": {
      "version": "8.21.3",
      "resolved": "https://registry.npmjs.org/@tanstack/react-table/-/react-table-8.21.3.tgz",
      "integrity": "sha512-5nNMTSETP4ykGegmVkhjcS8tTLW6Vl4axfEGQN3v0zdHYbK4UfoqfPChclTrJ4EoK9QynqAu9oUf8VEmrpZ5Ww==",
      "license": "MIT",
      "dependencies": {
        "@tanstack/table-core": "8.21.3"
      },
      "engines": {
        "node": ">=12"
      },
      "funding": {
        "type": "github",
        "url": "https://github.com/sponsors/tannerlinsley"
      },
      "peerDependencies": {
        "react": ">=16.8",
        "react-dom": ">=16.8"
      }
    },
    "node_modules/@tanstack/table-core": {
      "version": "8.21.3",
      "resolved": "https://registry.npmjs.org/@tanstack/table-core/-/table-core-8.21.3.tgz",
      "integrity": "sha512-ldZXEhOBb8Is7xLs01fR3YEc3DERiz5silj8tnGkFZytt1abEvl/GhUmCE0PMLaMPTa3Jk4HbKmRlHmu+gCftg==",
      "license": "MIT",
      "engines": {
        "node": ">=12"
      },
      "funding": {
        "type": "github",
        "url": "https://github.com/sponsors/tannerlinsley"
      }
    },
    "node_modules/cron-parser": {
      "version": "5.5.0",
      "resolved": "https://registry.npmjs.org/cron-parser/-/cron-parser-5.5.0.tgz",
      "integrity": "sha512-oML4lKUXxizYswqmxuOCpgFS8BNUJpIu6k/2HVHyaL8Ynnf3wdf9tkns0yRdJLSIjkJ+b0DXHMZEHGpMwjnPww==",
      "license": "MIT",
      "dependencies": {
        "luxon": "^3.7.1"
      },
      "engines": {
        "node": ">=18"
      }
    },
    "node_modules/cronstrue": {
      "version": "3.14.0",
      "resolved": "https://registry.npmjs.org/cronstrue/-/cronstrue-3.14.0.tgz",
      "integrity": "sha512-XnW4vuK/jPJjmTyDWiej1Zq36Od7ITwxaV2O1pzHZuyMVvdy7NAvyvIBzybt+idqSpfqYuoDG7uf/ocGtJVWxA==",
      "license": "MIT",
      "bin": {
        "cronstrue": "bin/cli.js"
      }
    },
    "node_modules/date-fns": {
      "version": "4.1.0",
      "resolved": "https://registry.npmjs.org/date-fns/-/date-fns-4.1.0.tgz",
      "integrity": "sha512-Ukq0owbQXxa/U3EGtsdVBkR1w7KOQ5gIBqdH2hkvknzZPYvBxb/aa6E8L7tmjFtkwZBu3UXBbjIgPo/Ez4xaNg==",
      "license": "MIT",
      "funding": {
        "type": "github",
        "url": "https://github.com/sponsors/kossnocorp"
      }
    },
    "node_modules/luxon": {
      "version": "3.7.2",
      "resolved": "https://registry.npmjs.org/luxon/-/luxon-3.7.2.tgz",
      "integrity": "sha512-vtEhXh/gNjI9Yg1u4jX/0YVPMvxzHuGgCm6tC5kZyb08yjGWGnqAjGJvcXbqQR2P3MyMEFnRbpcdFS6PBcLqew==",
      "license": "MIT",
      "engines": {
        "node": ">=12"
      }
    },
    "node_modules/react": {
      "version": "19.2.6",
      "resolved": "https://registry.npmjs.org/react/-/react-19.2.6.tgz",
      "integrity": "sha512-sfWGGfavi0xr8Pg0sVsyHMAOziVYKgPLNrS7ig+ivMNb3wbCBw3KxtflsGBAwD3gYQlE/AEZsTLgToRrSCjb0Q==",
      "license": "MIT",
      "peer": true,
      "engines": {
        "node": ">=0.10.0"
      }
    },
    "node_modules/react-dom": {
      "version": "19.2.6",
      "resolved": "https://registry.npmjs.org/react-dom/-/react-dom-19.2.6.tgz",
      "integrity": "sha512-0prMI+hvBbPjsWnxDLxlCGyM8PN6UuWjEUCYmZhO67xIV9Xasa/r/vDnq+Xyq4Lo27g8QSbO5YzARu0D1Sps3g==",
      "license": "MIT",
      "peer": true,
      "dependencies": {
        "scheduler": "^0.27.0"
      },
      "peerDependencies": {
        "react": "^19.2.6"
      }
    },
    "node_modules/react-hook-form": {
      "version": "7.75.0",
      "resolved": "https://registry.npmjs.org/react-hook-form/-/react-hook-form-7.75.0.tgz",
      "integrity": "sha512-Ovv94H+0p3sJ7B9B5QxPuCP1u8V/cHuVGyH55cSwodYDtoJwK+fqk3vjfIgSX59I2U/bU4z0nRJ9HMLpNiWEmw==",
      "license": "MIT",
      "engines": {
        "node": ">=18.0.0"
      },
      "funding": {
        "type": "opencollective",
        "url": "https://opencollective.com/react-hook-form"
      },
      "peerDependencies": {
        "react": "^16.8.0 || ^17 || ^18 || ^19"
      }
    },
    "node_modules/scheduler": {
      "version": "0.27.0",
      "resolved": "https://registry.npmjs.org/scheduler/-/scheduler-0.27.0.tgz",
      "integrity": "sha512-eNv+WrVbKu1f3vbYJT/xtiF5syA5HPIMtf9IgY/nKg0sWqzAUEvqY/xm7OcZc/qafLx/iO9FgOmeSAp4v5ti/Q==",
      "license": "MIT",
      "peer": true
    },
    "node_modules/zod": {
      "version": "4.4.3",
      "resolved": "https://registry.npmjs.org/zod/-/zod-4.4.3.tgz",
      "integrity": "sha512-ytENFjIJFl2UwYglde2jchW2Hwm4GJFLDiSXWdTrJQBIN9Fcyp7n4DhxJEiWNAJMV1/BqWfW/kkg71UDcHJyTQ==",
      "license": "MIT",
      "funding": {
        "url": "https://github.com/sponsors/colinhacks"
      }
    }
  }
}
