
Microsoft Visual Studio Solution File, Format Version 12.00
# Visual Studio Version 17
VisualStudioVersion = 17.4.33403.182
MinimumVisualStudioVersion = 10.0.40219.1
Project("{9A19103F-16F7-4668-BE54-9A1E7A4F7556}") = "TickerQ", "TickerQ\TickerQ.csproj", "{7D2F91D5-E22A-456A-A53D-33B256A58387}"
	ProjectSection(ProjectDependencies) = postProject
		{248CBDA2-B665-46FC-B4ED-E4B5D0CF3C02} = {248CBDA2-B665-46FC-B4ED-E4B5D0CF3C02}
		{0A8E72F2-7725-4F17-AF3C-2C9B895BF0A3} = {0A8E72F2-7725-4F17-AF3C-2C9B895BF0A3}
	EndProjectSection
EndProject
Project("{9A19103F-16F7-4668-BE54-9A1E7A4F7556}") = "TickerQ.EntityFrameworkCore", "TickerQ.EntityFramework\TickerQ.EntityFrameworkCore.csproj", "{248CBDA2-B665-46FC-B4ED-E4B5D0CF3C02}"
EndProject
Project("{2150E333-8FDC-42A3-9474-1A3956D46DE8}") = "TickerQSources", "TickerQSources", "{26A562EA-137C-4B42-93B0-0D7E0DB0AA32}"
EndProject
Project("{9A19103F-16F7-4668-BE54-9A1E7A4F7556}") = "TickerQ.Utilities", "TickerQ.Utilities\TickerQ.Utilities.csproj", "{0A8E72F2-7725-4F17-AF3C-2C9B895BF0A3}"
EndProject
Project("{FAE04EC0-301F-11D3-BF4B-00C04F79EFBC}") = "TickerQ.Dashboard", "TickerQ.Dashboard\TickerQ.Dashboard.csproj", "{181CF6B1-6CD4-4CA2-B9A9-19A1A7FE7894}"
EndProject
Project("{FAE04EC0-301F-11D3-BF4B-00C04F79EFBC}") = "TickerQ.SourceGenerator", "TickerQ.SourceGenerator\TickerQ.SourceGenerator.csproj", "{D4889E29-A2AC-42C0-90AD-4C540B4285BD}"
EndProject
Global
	GlobalSection(SolutionConfigurationPlatforms) = preSolution
		Debug|Any CPU = Debug|Any CPU
		Release|Any CPU = Release|Any CPU
	EndGlobalSection
	GlobalSection(ProjectConfigurationPlatforms) = postSolution
		{7D2F91D5-E22A-456A-A53D-33B256A58387}.Debug|Any CPU.ActiveCfg = Debug|Any CPU
		{7D2F91D5-E22A-456A-A53D-33B256A58387}.Debug|Any CPU.Build.0 = Debug|Any CPU
		{7D2F91D5-E22A-456A-A53D-33B256A58387}.Release|Any CPU.ActiveCfg = Release|Any CPU
		{7D2F91D5-E22A-456A-A53D-33B256A58387}.Release|Any CPU.Build.0 = Release|Any CPU
		{248CBDA2-B665-46FC-B4ED-E4B5D0CF3C02}.Debug|Any CPU.ActiveCfg = Debug|Any CPU
		{248CBDA2-B665-46FC-B4ED-E4B5D0CF3C02}.Debug|Any CPU.Build.0 = Debug|Any CPU
		{248CBDA2-B665-46FC-B4ED-E4B5D0CF3C02}.Release|Any CPU.ActiveCfg = Release|Any CPU
		{248CBDA2-B665-46FC-B4ED-E4B5D0CF3C02}.Release|Any CPU.Build.0 = Release|Any CPU
		{0A8E72F2-7725-4F17-AF3C-2C9B895BF0A3}.Debug|Any CPU.ActiveCfg = Debug|Any CPU
		{0A8E72F2-7725-4F17-AF3C-2C9B895BF0A3}.Debug|Any CPU.Build.0 = Debug|Any CPU
		{0A8E72F2-7725-4F17-AF3C-2C9B895BF0A3}.Release|Any CPU.ActiveCfg = Release|Any CPU
		{0A8E72F2-7725-4F17-AF3C-2C9B895BF0A3}.Release|Any CPU.Build.0 = Release|Any CPU
		{181CF6B1-6CD4-4CA2-B9A9-19A1A7FE7894}.Debug|Any CPU.ActiveCfg = Debug|Any CPU
		{181CF6B1-6CD4-4CA2-B9A9-19A1A7FE7894}.Debug|Any CPU.Build.0 = Debug|Any CPU
		{181CF6B1-6CD4-4CA2-B9A9-19A1A7FE7894}.Release|Any CPU.ActiveCfg = Release|Any CPU
		{181CF6B1-6CD4-4CA2-B9A9-19A1A7FE7894}.Release|Any CPU.Build.0 = Release|Any CPU
		{6F19CF68-730C-4DFE-A5A0-E1241013B0A3}.Debug|Any CPU.ActiveCfg = Debug|Any CPU
		{6F19CF68-730C-4DFE-A5A0-E1241013B0A3}.Debug|Any CPU.Build.0 = Debug|Any CPU
		{6F19CF68-730C-4DFE-A5A0-E1241013B0A3}.Release|Any CPU.ActiveCfg = Release|Any CPU
		{6F19CF68-730C-4DFE-A5A0-E1241013B0A3}.Release|Any CPU.Build.0 = Release|Any CPU
		{D4889E29-A2AC-42C0-90AD-4C540B4285BD}.Debug|Any CPU.ActiveCfg = Debug|Any CPU
		{D4889E29-A2AC-42C0-90AD-4C540B4285BD}.Debug|Any CPU.Build.0 = Debug|Any CPU
		{D4889E29-A2AC-42C0-90AD-4C540B4285BD}.Release|Any CPU.ActiveCfg = Release|Any CPU
		{D4889E29-A2AC-42C0-90AD-4C540B4285BD}.Release|Any CPU.Build.0 = Release|Any CPU
	EndGlobalSection
	GlobalSection(SolutionProperties) = preSolution
		HideSolutionNode = FALSE
	EndGlobalSection
	GlobalSection(NestedProjects) = preSolution
		{7D2F91D5-E22A-456A-A53D-33B256A58387} = {26A562EA-137C-4B42-93B0-0D7E0DB0AA32}
		{248CBDA2-B665-46FC-B4ED-E4B5D0CF3C02} = {26A562EA-137C-4B42-93B0-0D7E0DB0AA32}
		{0A8E72F2-7725-4F17-AF3C-2C9B895BF0A3} = {26A562EA-137C-4B42-93B0-0D7E0DB0AA32}
		{181CF6B1-6CD4-4CA2-B9A9-19A1A7FE7894} = {26A562EA-137C-4B42-93B0-0D7E0DB0AA32}
		{6F19CF68-730C-4DFE-A5A0-E1241013B0A3} = {26A562EA-137C-4B42-93B0-0D7E0DB0AA32}
		{D4889E29-A2AC-42C0-90AD-4C540B4285BD} = {26A562EA-137C-4B42-93B0-0D7E0DB0AA32}
	EndGlobalSection
	GlobalSection(ExtensibilityGlobals) = postSolution
		SolutionGuid = {38FD60CB-B028-4817-972B-C00B6C23FA42}
	EndGlobalSection
EndGlobal
